
Microsoft Visual Studio Solution File, Format Version 12.00
# Visual Studio 2013
VisualStudioVersion = 12.0.30324.0
MinimumVisualStudioVersion = 10.0.40219.1
Project("{FAE04EC0-301F-11D3-BF4B-00C04F79EFBC}") = "Posphorum", "Posroid\Posphorum.csproj", "{AA25704B-59B9-4154-80DE-A9CED0713812}"
EndProject
Project("{2150E333-8FDC-42A3-9474-1A3956D46DE8}") = "PosphorumUniversal", "PosphorumUniversal", "{E1C9183E-2687-404E-B1BA-4D2B9277E253}"
EndProject
Project("{D954291E-2A0B-460D-934E-DC6B0785DB48}") = "PosphorumUniversal.Shared", "PosphorumUniversal\PosphorumUniversal.Shared\PosphorumUniversal.Shared.shproj", "{1FED90EA-444E-47A0-827B-6B2A062908A4}"
EndProject
Project("{FAE04EC0-301F-11D3-BF4B-00C04F79EFBC}") = "PosphorumUniversal.Windows", "PosphorumUniversal\PosphorumUniversal.Windows\PosphorumUniversal.Windows.csproj", "{58AD646C-B005-4F71-9E70-F04A65091062}"
EndProject
Project("{FAE04EC0-301F-11D3-BF4B-00C04F79EFBC}") = "PosphorumUniversal.WindowsPhone", "PosphorumUniversal\PosphorumUniversal.WindowsPhone\PosphorumUniversal.WindowsPhone.csproj", "{1C933AA8-CF4F-4B13-8576-5530CF2FE88B}"
EndProject
Global
	GlobalSection(SharedMSBuildProjectFiles) = preSolution
		PosphorumUniversal\PosphorumUniversal.Shared\PosphorumUniversal.Shared.projitems*{1c933aa8-cf4f-4b13-8576-5530cf2fe88b}*SharedItemsImports = 4
		PosphorumUniversal\PosphorumUniversal.Shared\PosphorumUniversal.Shared.projitems*{58ad646c-b005-4f71-9e70-f04a65091062}*SharedItemsImports = 4
		PosphorumUniversal\PosphorumUniversal.Shared\PosphorumUniversal.Shared.projitems*{1fed90ea-444e-47a0-827b-6b2a062908a4}*SharedItemsImports = 13
	EndGlobalSection
	GlobalSection(SolutionConfigurationPlatforms) = preSolution
		Debug|Any CPU = Debug|Any CPU
		Debug|ARM = Debug|ARM
		Debug|x64 = Debug|x64
		Debug|x86 = Debug|x86
		Release|Any CPU = Release|Any CPU
		Release|ARM = Release|ARM
		Release|x64 = Release|x64
		Release|x86 = Release|x86
	EndGlobalSection
	GlobalSection(ProjectConfigurationPlatforms) = postSolution
		{AA25704B-59B9-4154-80DE-A9CED0713812}.Debug|Any CPU.ActiveCfg = Debug|Any CPU
		{AA25704B-59B9-4154-80DE-A9CED0713812}.Debug|Any CPU.Build.0 = Debug|Any CPU
		{AA25704B-59B9-4154-80DE-A9CED0713812}.Debug|Any CPU.Deploy.0 = Debug|Any CPU
		{AA25704B-59B9-4154-80DE-A9CED0713812}.Debug|ARM.ActiveCfg = Debug|ARM
		{AA25704B-59B9-4154-80DE-A9CED0713812}.Debug|ARM.Build.0 = Debug|ARM
		{AA25704B-59B9-4154-80DE-A9CED0713812}.Debug|ARM.Deploy.0 = Debug|ARM
		{AA25704B-59B9-4154-80DE-A9CED0713812}.Debug|x64.ActiveCfg = Debug|x64
		{AA25704B-59B9-4154-80DE-A9CED0713812}.Debug|x64.Build.0 = Debug|x64
		{AA25704B-59B9-4154-80DE-A9CED0713812}.Debug|x64.Deploy.0 = Debug|x64
		{AA25704B-59B9-4154-80DE-A9CED0713812}.Debug|x86.ActiveCfg = Debug|x86
		{AA25704B-59B9-4154-80DE-A9CED0713812}.Debug|x86.Build.0 = Debug|x86
		{AA25704B-59B9-4154-80DE-A9CED0713812}.Debug|x86.Deploy.0 = Debug|x86
		{AA25704B-59B9-4154-80DE-A9CED0713812}.Release|Any CPU.ActiveCfg = Release|Any CPU
		{AA25704B-59B9-4154-80DE-A9CED0713812}.Release|Any CPU.Build.0 = Release|Any CPU
		{AA25704B-59B9-4154-80DE-A9CED0713812}.Release|Any CPU.Deploy.0 = Release|Any CPU
		{AA25704B-59B9-4154-80DE-A9CED0713812}.Release|ARM.ActiveCfg = Release|ARM
		{AA25704B-59B9-4154-80DE-A9CED0713812}.Release|ARM.Build.0 = Release|ARM
		{AA25704B-59B9-4154-80DE-A9CED0713812}.Release|ARM.Deploy.0 = Release|ARM
		{AA25704B-59B9-4154-80DE-A9CED0713812}.Release|x64.ActiveCfg = Release|x64
		{AA25704B-59B9-4154-80DE-A9CED0713812}.Release|x64.Build.0 = Release|x64
		{AA25704B-59B9-4154-80DE-A9CED0713812}.Release|x64.Deploy.0 = Release|x64
		{AA25704B-59B9-4154-80DE-A9CED0713812}.Release|x86.ActiveCfg = Release|x86
		{AA25704B-59B9-4154-80DE-A9CED0713812}.Release|x86.Build.0 = Release|x86
		{AA25704B-59B9-4154-80DE-A9CED0713812}.Release|x86.Deploy.0 = Release|x86
		{58AD646C-B005-4F71-9E70-F04A65091062}.Debug|Any CPU.ActiveCfg = Debug|Any CPU
		{58AD646C-B005-4F71-9E70-F04A65091062}.Debug|Any CPU.Build.0 = Debug|Any CPU
		{58AD646C-B005-4F71-9E70-F04A65091062}.Debug|Any CPU.Deploy.0 = Debug|Any CPU
		{58AD646C-B005-4F71-9E70-F04A65091062}.Debug|ARM.ActiveCfg = Debug|ARM
		{58AD646C-B005-4F71-9E70-F04A65091062}.Debug|ARM.Build.0 = Debug|ARM
		{58AD646C-B005-4F71-9E70-F04A65091062}.Debug|ARM.Deploy.0 = Debug|ARM
		{58AD646C-B005-4F71-9E70-F04A65091062}.Debug|x64.ActiveCfg = Debug|x64
		{58AD646C-B005-4F71-9E70-F04A65091062}.Debug|x64.Build.0 = Debug|x64
		{58AD646C-B005-4F71-9E70-F04A65091062}.Debug|x64.Deploy.0 = Debug|x64
		{58AD646C-B005-4F71-9E70-F04A65091062}.Debug|x86.ActiveCfg = Debug|x86
		{58AD646C-B005-4F71-9E70-F04A65091062}.Debug|x86.Build.0 = Debug|x86
		{58AD646C-B005-4F71-9E70-F04A65091062}.Debug|x86.Deploy.0 = Debug|x86
		{58AD646C-B005-4F71-9E70-F04A65091062}.Release|Any CPU.ActiveCfg = Release|Any CPU
		{58AD646C-B005-4F71-9E70-F04A65091062}.Release|Any CPU.Build.0 = Release|Any CPU
		{58AD646C-B005-4F71-9E70-F04A65091062}.Release|Any CPU.Deploy.0 = Release|Any CPU
		{58AD646C-B005-4F71-9E70-F04A65091062}.Release|ARM.ActiveCfg = Release|ARM
		{58AD646C-B005-4F71-9E70-F04A65091062}.Release|ARM.Build.0 = Release|ARM
		{58AD646C-B005-4F71-9E70-F04A65091062}.Release|ARM.Deploy.0 = Release|ARM
		{58AD646C-B005-4F71-9E70-F04A65091062}.Release|x64.ActiveCfg = Release|x64
		{58AD646C-B005-4F71-9E70-F04A65091062}.Release|x64.Build.0 = Release|x64
		{58AD646C-B005-4F71-9E70-F04A65091062}.Release|x64.Deploy.0 = Release|x64
		{58AD646C-B005-4F71-9E70-F04A65091062}.Release|x86.ActiveCfg = Release|x86
		{58AD646C-B005-4F71-9E70-F04A65091062}.Release|x86.Build.0 = Release|x86
		{58AD646C-B005-4F71-9E70-F04A65091062}.Release|x86.Deploy.0 = Release|x86
		{1C933AA8-CF4F-4B13-8576-5530CF2FE88B}.Debug|Any CPU.ActiveCfg = Debug|Any CPU
		{1C933AA8-CF4F-4B13-8576-5530CF2FE88B}.Debug|Any CPU.Build.0 = Debug|Any CPU
		{1C933AA8-CF4F-4B13-8576-5530CF2FE88B}.Debug|Any CPU.Deploy.0 = Debug|Any CPU
		{1C933AA8-CF4F-4B13-8576-5530CF2FE88B}.Debug|ARM.ActiveCfg = Debug|ARM
		{1C933AA8-CF4F-4B13-8576-5530CF2FE88B}.Debug|ARM.Build.0 = Debug|ARM
		{1C933AA8-CF4F-4B13-8576-5530CF2FE88B}.Debug|ARM.Deploy.0 = Debug|ARM
		{1C933AA8-CF4F-4B13-8576-5530CF2FE88B}.Debug|x64.ActiveCfg = Debug|Any CPU
		{1C933AA8-CF4F-4B13-8576-5530CF2FE88B}.Debug|x86.ActiveCfg = Debug|x86
		{1C933AA8-CF4F-4B13-8576-5530CF2FE88B}.Debug|x86.Build.0 = Debug|x86
		{1C933AA8-CF4F-4B13-8576-5530CF2FE88B}.Debug|x86.Deploy.0 = Debug|x86
		{1C933AA8-CF4F-4B13-8576-5530CF2FE88B}.Release|Any CPU.ActiveCfg = Release|Any CPU
		{1C933AA8-CF4F-4B13-8576-5530CF2FE88B}.Release|Any CPU.Build.0 = Release|Any CPU
		{1C933AA8-CF4F-4B13-8576-5530CF2FE88B}.Release|Any CPU.Deploy.0 = Release|Any CPU
		{1C933AA8-CF4F-4B13-8576-5530CF2FE88B}.Release|ARM.ActiveCfg = Release|ARM
		{1C933AA8-CF4F-4B13-8576-5530CF2FE88B}.Release|ARM.Build.0 = Release|ARM
		{1C933AA8-CF4F-4B13-8576-5530CF2FE88B}.Release|ARM.Deploy.0 = Release|ARM
		{1C933AA8-CF4F-4B13-8576-5530CF2FE88B}.Release|x64.ActiveCfg = Release|Any CPU
		{1C933AA8-CF4F-4B13-8576-5530CF2FE88B}.Release|x86.ActiveCfg = Release|x86
		{1C933AA8-CF4F-4B13-8576-5530CF2FE88B}.Release|x86.Build.0 = Release|x86
		{1C933AA8-CF4F-4B13-8576-5530CF2FE88B}.Release|x86.Deploy.0 = Release|x86
	EndGlobalSection
	GlobalSection(SolutionProperties) = preSolution
		HideSolutionNode = FALSE
	EndGlobalSection
	GlobalSection(NestedProjects) = preSolution
		{1FED90EA-444E-47A0-827B-6B2A062908A4} = {E1C9183E-2687-404E-B1BA-4D2B9277E253}
		{58AD646C-B005-4F71-9E70-F04A65091062} = {E1C9183E-2687-404E-B1BA-4D2B9277E253}
		{1C933AA8-CF4F-4B13-8576-5530CF2FE88B} = {E1C9183E-2687-404E-B1BA-4D2B9277E253}
	EndGlobalSection
EndGlobal
