
Microsoft Visual Studio Solution File, Format Version 12.00
# Visual Studio 2013
VisualStudioVersion = 12.0.30324.0
MinimumVisualStudioVersion = 10.0.40219.1
Project("{FAE04EC0-301F-11D3-BF4B-00C04F79EFBC}") = "Posphorum", "Posroid\Posphorum.csproj", "{AA25704B-59B9-4154-80DE-A9CED0713812}"
EndProject
Project("{2150E333-8FDC-42A3-9474-1A3956D46DE8}") = "PosphorumUniversal", "PosphorumUniversal", "{7010ABDF-9D3D-4B4A-AD31-1847D53FF0F2}"
EndProject
Project("{D954291E-2A0B-460D-934E-DC6B0785DB48}") = "PosphorumUniversal.Shared", "PosphorumUniversal\PosphorumUniversal.Shared\PosphorumUniversal.Shared.shproj", "{38680C6A-B6F7-4B6D-B460-C2E55CEC03E2}"
EndProject
Project("{FAE04EC0-301F-11D3-BF4B-00C04F79EFBC}") = "PosphorumUniversal.Windows", "PosphorumUniversal\PosphorumUniversal.Windows\PosphorumUniversal.Windows.csproj", "{8878F667-1BDE-427B-9AD4-25ED18083383}"
EndProject
Project("{FAE04EC0-301F-11D3-BF4B-00C04F79EFBC}") = "PosphorumUniversal.WindowsPhone", "PosphorumUniversal\PosphorumUniversal.WindowsPhone\PosphorumUniversal.WindowsPhone.csproj", "{2900C221-AF2C-4C7D-AAEF-11ACF3A26524}"
EndProject
Global
	GlobalSection(SharedMSBuildProjectFiles) = preSolution
		PosphorumUniversal\PosphorumUniversal.Shared\PosphorumUniversal.Shared.projitems*{2900c221-af2c-4c7d-aaef-11acf3a26524}*SharedItemsImports = 4
		PosphorumUniversal\PosphorumUniversal.Shared\PosphorumUniversal.Shared.projitems*{8878f667-1bde-427b-9ad4-25ed18083383}*SharedItemsImports = 4
		PosphorumUniversal\PosphorumUniversal.Shared\PosphorumUniversal.Shared.projitems*{38680c6a-b6f7-4b6d-b460-c2e55cec03e2}*SharedItemsImports = 13
	EndGlobalSection
	GlobalSection(SolutionConfigurationPlatforms) = preSolution
		Debug|Any CPU = Debug|Any CPU
		Debug|ARM = Debug|ARM
		Debug|x64 = Debug|x64
		Debug|x86 = Debug|x86
		Release|Any CPU = Release|Any CPU
		Release|ARM = Release|ARM
		Release|x64 = Release|x64
		Release|x86 = Release|x86
	EndGlobalSection
	GlobalSection(ProjectConfigurationPlatforms) = postSolution
		{AA25704B-59B9-4154-80DE-A9CED0713812}.Debug|Any CPU.ActiveCfg = Debug|Any CPU
		{AA25704B-59B9-4154-80DE-A9CED0713812}.Debug|Any CPU.Build.0 = Debug|Any CPU
		{AA25704B-59B9-4154-80DE-A9CED0713812}.Debug|Any CPU.Deploy.0 = Debug|Any CPU
		{AA25704B-59B9-4154-80DE-A9CED0713812}.Debug|ARM.ActiveCfg = Debug|ARM
		{AA25704B-59B9-4154-80DE-A9CED0713812}.Debug|ARM.Build.0 = Debug|ARM
		{AA25704B-59B9-4154-80DE-A9CED0713812}.Debug|ARM.Deploy.0 = Debug|ARM
		{AA25704B-59B9-4154-80DE-A9CED0713812}.Debug|x64.ActiveCfg = Debug|x64
		{AA25704B-59B9-4154-80DE-A9CED0713812}.Debug|x64.Build.0 = Debug|x64
		{AA25704B-59B9-4154-80DE-A9CED0713812}.Debug|x64.Deploy.0 = Debug|x64
		{AA25704B-59B9-4154-80DE-A9CED0713812}.Debug|x86.ActiveCfg = Debug|x86
		{AA25704B-59B9-4154-80DE-A9CED0713812}.Debug|x86.Build.0 = Debug|x86
		{AA25704B-59B9-4154-80DE-A9CED0713812}.Debug|x86.Deploy.0 = Debug|x86
		{AA25704B-59B9-4154-80DE-A9CED0713812}.Release|Any CPU.ActiveCfg = Release|Any CPU
		{AA25704B-59B9-4154-80DE-A9CED0713812}.Release|Any CPU.Build.0 = Release|Any CPU
		{AA25704B-59B9-4154-80DE-A9CED0713812}.Release|Any CPU.Deploy.0 = Release|Any CPU
		{AA25704B-59B9-4154-80DE-A9CED0713812}.Release|ARM.ActiveCfg = Release|ARM
		{AA25704B-59B9-4154-80DE-A9CED0713812}.Release|ARM.Build.0 = Release|ARM
		{AA25704B-59B9-4154-80DE-A9CED0713812}.Release|ARM.Deploy.0 = Release|ARM
		{AA25704B-59B9-4154-80DE-A9CED0713812}.Release|x64.ActiveCfg = Release|x64
		{AA25704B-59B9-4154-80DE-A9CED0713812}.Release|x64.Build.0 = Release|x64
		{AA25704B-59B9-4154-80DE-A9CED0713812}.Release|x64.Deploy.0 = Release|x64
		{AA25704B-59B9-4154-80DE-A9CED0713812}.Release|x86.ActiveCfg = Release|x86
		{AA25704B-59B9-4154-80DE-A9CED0713812}.Release|x86.Build.0 = Release|x86
		{AA25704B-59B9-4154-80DE-A9CED0713812}.Release|x86.Deploy.0 = Release|x86
		{8878F667-1BDE-427B-9AD4-25ED18083383}.Debug|Any CPU.ActiveCfg = Debug|Any CPU
		{8878F667-1BDE-427B-9AD4-25ED18083383}.Debug|Any CPU.Build.0 = Debug|Any CPU
		{8878F667-1BDE-427B-9AD4-25ED18083383}.Debug|Any CPU.Deploy.0 = Debug|Any CPU
		{8878F667-1BDE-427B-9AD4-25ED18083383}.Debug|ARM.ActiveCfg = Debug|ARM
		{8878F667-1BDE-427B-9AD4-25ED18083383}.Debug|ARM.Build.0 = Debug|ARM
		{8878F667-1BDE-427B-9AD4-25ED18083383}.Debug|ARM.Deploy.0 = Debug|ARM
		{8878F667-1BDE-427B-9AD4-25ED18083383}.Debug|x64.ActiveCfg = Debug|x64
		{8878F667-1BDE-427B-9AD4-25ED18083383}.Debug|x64.Build.0 = Debug|x64
		{8878F667-1BDE-427B-9AD4-25ED18083383}.Debug|x64.Deploy.0 = Debug|x64
		{8878F667-1BDE-427B-9AD4-25ED18083383}.Debug|x86.ActiveCfg = Debug|x86
		{8878F667-1BDE-427B-9AD4-25ED18083383}.Debug|x86.Build.0 = Debug|x86
		{8878F667-1BDE-427B-9AD4-25ED18083383}.Debug|x86.Deploy.0 = Debug|x86
		{8878F667-1BDE-427B-9AD4-25ED18083383}.Release|Any CPU.ActiveCfg = Release|Any CPU
		{8878F667-1BDE-427B-9AD4-25ED18083383}.Release|Any CPU.Build.0 = Release|Any CPU
		{8878F667-1BDE-427B-9AD4-25ED18083383}.Release|Any CPU.Deploy.0 = Release|Any CPU
		{8878F667-1BDE-427B-9AD4-25ED18083383}.Release|ARM.ActiveCfg = Release|ARM
		{8878F667-1BDE-427B-9AD4-25ED18083383}.Release|ARM.Build.0 = Release|ARM
		{8878F667-1BDE-427B-9AD4-25ED18083383}.Release|ARM.Deploy.0 = Release|ARM
		{8878F667-1BDE-427B-9AD4-25ED18083383}.Release|x64.ActiveCfg = Release|x64
		{8878F667-1BDE-427B-9AD4-25ED18083383}.Release|x64.Build.0 = Release|x64
		{8878F667-1BDE-427B-9AD4-25ED18083383}.Release|x64.Deploy.0 = Release|x64
		{8878F667-1BDE-427B-9AD4-25ED18083383}.Release|x86.ActiveCfg = Release|x86
		{8878F667-1BDE-427B-9AD4-25ED18083383}.Release|x86.Build.0 = Release|x86
		{8878F667-1BDE-427B-9AD4-25ED18083383}.Release|x86.Deploy.0 = Release|x86
		{2900C221-AF2C-4C7D-AAEF-11ACF3A26524}.Debug|Any CPU.ActiveCfg = Debug|Any CPU
		{2900C221-AF2C-4C7D-AAEF-11ACF3A26524}.Debug|Any CPU.Build.0 = Debug|Any CPU
		{2900C221-AF2C-4C7D-AAEF-11ACF3A26524}.Debug|Any CPU.Deploy.0 = Debug|Any CPU
		{2900C221-AF2C-4C7D-AAEF-11ACF3A26524}.Debug|ARM.ActiveCfg = Debug|ARM
		{2900C221-AF2C-4C7D-AAEF-11ACF3A26524}.Debug|ARM.Build.0 = Debug|ARM
		{2900C221-AF2C-4C7D-AAEF-11ACF3A26524}.Debug|ARM.Deploy.0 = Debug|ARM
		{2900C221-AF2C-4C7D-AAEF-11ACF3A26524}.Debug|x64.ActiveCfg = Debug|Any CPU
		{2900C221-AF2C-4C7D-AAEF-11ACF3A26524}.Debug|x86.ActiveCfg = Debug|x86
		{2900C221-AF2C-4C7D-AAEF-11ACF3A26524}.Debug|x86.Build.0 = Debug|x86
		{2900C221-AF2C-4C7D-AAEF-11ACF3A26524}.Debug|x86.Deploy.0 = Debug|x86
		{2900C221-AF2C-4C7D-AAEF-11ACF3A26524}.Release|Any CPU.ActiveCfg = Release|Any CPU
		{2900C221-AF2C-4C7D-AAEF-11ACF3A26524}.Release|Any CPU.Build.0 = Release|Any CPU
		{2900C221-AF2C-4C7D-AAEF-11ACF3A26524}.Release|Any CPU.Deploy.0 = Release|Any CPU
		{2900C221-AF2C-4C7D-AAEF-11ACF3A26524}.Release|ARM.ActiveCfg = Release|ARM
		{2900C221-AF2C-4C7D-AAEF-11ACF3A26524}.Release|ARM.Build.0 = Release|ARM
		{2900C221-AF2C-4C7D-AAEF-11ACF3A26524}.Release|ARM.Deploy.0 = Release|ARM
		{2900C221-AF2C-4C7D-AAEF-11ACF3A26524}.Release|x64.ActiveCfg = Release|Any CPU
		{2900C221-AF2C-4C7D-AAEF-11ACF3A26524}.Release|x86.ActiveCfg = Release|x86
		{2900C221-AF2C-4C7D-AAEF-11ACF3A26524}.Release|x86.Build.0 = Release|x86
		{2900C221-AF2C-4C7D-AAEF-11ACF3A26524}.Release|x86.Deploy.0 = Release|x86
	EndGlobalSection
	GlobalSection(SolutionProperties) = preSolution
		HideSolutionNode = FALSE
	EndGlobalSection
	GlobalSection(NestedProjects) = preSolution
		{38680C6A-B6F7-4B6D-B460-C2E55CEC03E2} = {7010ABDF-9D3D-4B4A-AD31-1847D53FF0F2}
		{8878F667-1BDE-427B-9AD4-25ED18083383} = {7010ABDF-9D3D-4B4A-AD31-1847D53FF0F2}
		{2900C221-AF2C-4C7D-AAEF-11ACF3A26524} = {7010ABDF-9D3D-4B4A-AD31-1847D53FF0F2}
	EndGlobalSection
EndGlobal
